// !$*UTF8*$!
{
	archiveVersion = 1;
	classes = {
	};
	objectVersion = 46;
	objects = {

/* Begin PBXBuildFile section */
		852F12331B6C5DF6001EC9C4 /* main.m in Sources */ = {isa = PBXBuildFile; fileRef = 852F12321B6C5DF6001EC9C4 /* main.m */; };
		852F12361B6C5DF6001EC9C4 /* AppDelegate.m in Sources */ = {isa = PBXBuildFile; fileRef = 852F12351B6C5DF6001EC9C4 /* AppDelegate.m */; };
		852F123C1B6C5DF6001EC9C4 /* Main.storyboard in Resources */ = {isa = PBXBuildFile; fileRef = 852F123A1B6C5DF6001EC9C4 /* Main.storyboard */; };
		852F123E1B6C5DF6001EC9C4 /* Images.xcassets in Resources */ = {isa = PBXBuildFile; fileRef = 852F123D1B6C5DF6001EC9C4 /* Images.xcassets */; };
		852F12411B6C5DF6001EC9C4 /* LaunchScreen.xib in Resources */ = {isa = PBXBuildFile; fileRef = 852F123F1B6C5DF6001EC9C4 /* LaunchScreen.xib */; };
		852F124D1B6C5DF6001EC9C4 /* ToDoListTests.m in Sources */ = {isa = PBXBuildFile; fileRef = 852F124C1B6C5DF6001EC9C4 /* ToDoListTests.m */; };
		852F12581B6D5764001EC9C4 /* AddToDoItemViewController.m in Sources */ = {isa = PBXBuildFile; fileRef = 852F12571B6D5764001EC9C4 /* AddToDoItemViewController.m */; };
		852F125B1B6D6686001EC9C4 /* ToDoListTableViewController.m in Sources */ = {isa = PBXBuildFile; fileRef = 852F125A1B6D6686001EC9C4 /* ToDoListTableViewController.m */; };
		852F125E1B6DA94F001EC9C4 /* ToDoItem.m in Sources */ = {isa = PBXBuildFile; fileRef = 852F125D1B6DA94F001EC9C4 /* ToDoItem.m */; };
/* End PBXBuildFile section */

/* Begin PBXContainerItemProxy section */
		852F12471B6C5DF6001EC9C4 /* PBXContainerItemProxy */ = {
			isa = PBXContainerItemProxy;
			containerPortal = 852F12251B6C5DF6001EC9C4 /* Project object */;
			proxyType = 1;
			remoteGlobalIDString = 852F122C1B6C5DF6001EC9C4;
			remoteInfo = ToDoList;
		};
/* End PBXContainerItemProxy section */

/* Begin PBXFileReference section */
		852F122D1B6C5DF6001EC9C4 /* ToDoList.app */ = {isa = PBXFileReference; explicitFileType = wrapper.application; includeInIndex = 0; path = ToDoList.app; sourceTree = BUILT_PRODUCTS_DIR; };
		852F12311B6C5DF6001EC9C4 /* Info.plist */ = {isa = PBXFileReference; lastKnownFileType = text.plist.xml; path = Info.plist; sourceTree = "<group>"; };
		852F12321B6C5DF6001EC9C4 /* main.m */ = {isa = PBXFileReference; lastKnownFileType = sourcecode.c.objc; path = main.m; sourceTree = "<group>"; };
		852F12341B6C5DF6001EC9C4 /* AppDelegate.h */ = {isa = PBXFileReference; lastKnownFileType = sourcecode.c.h; path = AppDelegate.h; sourceTree = "<group>"; };
		852F12351B6C5DF6001EC9C4 /* AppDelegate.m */ = {isa = PBXFileReference; lastKnownFileType = sourcecode.c.objc; path = AppDelegate.m; sourceTree = "<group>"; };
		852F123B1B6C5DF6001EC9C4 /* Base */ = {isa = PBXFileReference; lastKnownFileType = file.storyboard; name = Base; path = Base.lproj/Main.storyboard; sourceTree = "<group>"; };
		852F123D1B6C5DF6001EC9C4 /* Images.xcassets */ = {isa = PBXFileReference; lastKnownFileType = folder.assetcatalog; path = Images.xcassets; sourceTree = "<group>"; };
		852F12401B6C5DF6001EC9C4 /* Base */ = {isa = PBXFileReference; lastKnownFileType = file.xib; name = Base; path = Base.lproj/LaunchScreen.xib; sourceTree = "<group>"; };
		852F12461B6C5DF6001EC9C4 /* ToDoListTests.xctest */ = {isa = PBXFileReference; explicitFileType = wrapper.cfbundle; includeInIndex = 0; path = ToDoListTests.xctest; sourceTree = BUILT_PRODUCTS_DIR; };
		852F124B1B6C5DF6001EC9C4 /* Info.plist */ = {isa = PBXFileReference; lastKnownFileType = text.plist.xml; path = Info.plist; sourceTree = "<group>"; };
		852F124C1B6C5DF6001EC9C4 /* ToDoListTests.m */ = {isa = PBXFileReference; lastKnownFileType = sourcecode.c.objc; path = ToDoListTests.m; sourceTree = "<group>"; };
		852F12561B6D5764001EC9C4 /* AddToDoItemViewController.h */ = {isa = PBXFileReference; fileEncoding = 4; lastKnownFileType = sourcecode.c.h; name = AddToDoItemViewController.h; path = ../AddToDoItemViewController.h; sourceTree = "<group>"; };
		852F12571B6D5764001EC9C4 /* AddToDoItemViewController.m */ = {isa = PBXFileReference; fileEncoding = 4; lastKnownFileType = sourcecode.c.objc; name = AddToDoItemViewController.m; path = ../AddToDoItemViewController.m; sourceTree = "<group>"; };
		852F12591B6D6686001EC9C4 /* ToDoListTableViewController.h */ = {isa = PBXFileReference; fileEncoding = 4; lastKnownFileType = sourcecode.c.h; path = ToDoListTableViewController.h; sourceTree = "<group>"; };
		852F125A1B6D6686001EC9C4 /* ToDoListTableViewController.m */ = {isa = PBXFileReference; fileEncoding = 4; lastKnownFileType = sourcecode.c.objc; path = ToDoListTableViewController.m; sourceTree = "<group>"; };
		852F125C1B6DA94F001EC9C4 /* ToDoItem.h */ = {isa = PBXFileReference; fileEncoding = 4; lastKnownFileType = sourcecode.c.h; path = ToDoItem.h; sourceTree = "<group>"; };
		852F125D1B6DA94F001EC9C4 /* ToDoItem.m */ = {isa = PBXFileReference; fileEncoding = 4; lastKnownFileType = sourcecode.c.objc; path = ToDoItem.m; sourceTree = "<group>"; };
/* End PBXFileReference section */

/* Begin PBXFrameworksBuildPhase section */
		852F122A1B6C5DF6001EC9C4 /* Frameworks */ = {
			isa = PBXFrameworksBuildPhase;
			buildActionMask = 2147483647;
			files = (
			);
			runOnlyForDeploymentPostprocessing = 0;
		};
		852F12431B6C5DF6001EC9C4 /* Frameworks */ = {
			isa = PBXFrameworksBuildPhase;
			buildActionMask = 2147483647;
			files = (
			);
			runOnlyForDeploymentPostprocessing = 0;
		};
/* End PBXFrameworksBuildPhase section */

/* Begin PBXGroup section */
		852F12241B6C5DF6001EC9C4 = {
			isa = PBXGroup;
			children = (
				852F122F1B6C5DF6001EC9C4 /* ToDoList */,
				852F12491B6C5DF6001EC9C4 /* ToDoListTests */,
				852F122E1B6C5DF6001EC9C4 /* Products */,
			);
			sourceTree = "<group>";
		};
		852F122E1B6C5DF6001EC9C4 /* Products */ = {
			isa = PBXGroup;
			children = (
				852F122D1B6C5DF6001EC9C4 /* ToDoList.app */,
				852F12461B6C5DF6001EC9C4 /* ToDoListTests.xctest */,
			);
			name = Products;
			sourceTree = "<group>";
		};
		852F122F1B6C5DF6001EC9C4 /* ToDoList */ = {
			isa = PBXGroup;
			children = (
				852F12561B6D5764001EC9C4 /* AddToDoItemViewController.h */,
				852F12571B6D5764001EC9C4 /* AddToDoItemViewController.m */,
				852F12341B6C5DF6001EC9C4 /* AppDelegate.h */,
				852F12351B6C5DF6001EC9C4 /* AppDelegate.m */,
				852F123A1B6C5DF6001EC9C4 /* Main.storyboard */,
				852F125C1B6DA94F001EC9C4 /* ToDoItem.h */,
				852F125D1B6DA94F001EC9C4 /* ToDoItem.m */,
				852F12591B6D6686001EC9C4 /* ToDoListTableViewController.h */,
				852F125A1B6D6686001EC9C4 /* ToDoListTableViewController.m */,
				852F123D1B6C5DF6001EC9C4 /* Images.xcassets */,
				852F123F1B6C5DF6001EC9C4 /* LaunchScreen.xib */,
				852F12301B6C5DF6001EC9C4 /* Supporting Files */,
			);
			path = ToDoList;
			sourceTree = "<group>";
		};
		852F12301B6C5DF6001EC9C4 /* Supporting Files */ = {
			isa = PBXGroup;
			children = (
				852F12311B6C5DF6001EC9C4 /* Info.plist */,
				852F12321B6C5DF6001EC9C4 /* main.m */,
			);
			name = "Supporting Files";
			sourceTree = "<group>";
		};
		852F12491B6C5DF6001EC9C4 /* ToDoListTests */ = {
			isa = PBXGroup;
			children = (
				852F124C1B6C5DF6001EC9C4 /* ToDoListTests.m */,
				852F124A1B6C5DF6001EC9C4 /* Supporting Files */,
			);
			path = ToDoListTests;
			sourceTree = "<group>";
		};
		852F124A1B6C5DF6001EC9C4 /* Supporting Files */ = {
			isa = PBXGroup;
			children = (
				852F124B1B6C5DF6001EC9C4 /* Info.plist */,
			);
			name = "Supporting Files";
			sourceTree = "<group>";
		};
/* End PBXGroup section */

/* Begin PBXNativeTarget section */
		852F122C1B6C5DF6001EC9C4 /* ToDoList */ = {
			isa = PBXNativeTarget;
			buildConfigurationList = 852F12501B6C5DF6001EC9C4 /* Build configuration list for PBXNativeTarget "ToDoList" */;
			buildPhases = (
				852F12291B6C5DF6001EC9C4 /* Sources */,
				852F122A1B6C5DF6001EC9C4 /* Frameworks */,
				852F122B1B6C5DF6001EC9C4 /* Resources */,
			);
			buildRules = (
			);
			dependencies = (
			);
			name = ToDoList;
			productName = ToDoList;
			productReference = 852F122D1B6C5DF6001EC9C4 /* ToDoList.app */;
			productType = "com.apple.product-type.application";
		};
		852F12451B6C5DF6001EC9C4 /* ToDoListTests */ = {
			isa = PBXNativeTarget;
			buildConfigurationList = 852F12531B6C5DF6001EC9C4 /* Build configuration list for PBXNativeTarget "ToDoListTests" */;
			buildPhases = (
				852F12421B6C5DF6001EC9C4 /* Sources */,
				852F12431B6C5DF6001EC9C4 /* Frameworks */,
				852F12441B6C5DF6001EC9C4 /* Resources */,
			);
			buildRules = (
			);
			dependencies = (
				852F12481B6C5DF6001EC9C4 /* PBXTargetDependency */,
			);
			name = ToDoListTests;
			productName = ToDoListTests;
			productReference = 852F12461B6C5DF6001EC9C4 /* ToDoListTests.xctest */;
			productType = "com.apple.product-type.bundle.unit-test";
		};
/* End PBXNativeTarget section */

/* Begin PBXProject section */
		852F12251B6C5DF6001EC9C4 /* Project object */ = {
			isa = PBXProject;
			attributes = {
				LastUpgradeCheck = 0640;
				ORGANIZATIONNAME = "Erica Wright";
				TargetAttributes = {
					852F122C1B6C5DF6001EC9C4 = {
						CreatedOnToolsVersion = 6.4;
					};
					852F12451B6C5DF6001EC9C4 = {
						CreatedOnToolsVersion = 6.4;
						TestTargetID = 852F122C1B6C5DF6001EC9C4;
					};
				};
			};
			buildConfigurationList = 852F12281B6C5DF6001EC9C4 /* Build configuration list for PBXProject "ToDoList" */;
			compatibilityVersion = "Xcode 3.2";
			developmentRegion = English;
			hasScannedForEncodings = 0;
			knownRegions = (
				en,
				Base,
			);
			mainGroup = 852F12241B6C5DF6001EC9C4;
			productRefGroup = 852F122E1B6C5DF6001EC9C4 /* Products */;
			projectDirPath = "";
			projectRoot = "";
			targets = (
				852F122C1B6C5DF6001EC9C4 /* ToDoList */,
				852F12451B6C5DF6001EC9C4 /* ToDoListTests */,
			);
		};
/* End PBXProject section */

/* Begin PBXResourcesBuildPhase section */
		852F122B1B6C5DF6001EC9C4 /* Resources */ = {
			isa = PBXResourcesBuildPhase;
			buildActionMask = 2147483647;
			files = (
				852F123C1B6C5DF6001EC9C4 /* Main.storyboard in Resources */,
				852F12411B6C5DF6001EC9C4 /* LaunchScreen.xib in Resources */,
				852F123E1B6C5DF6001EC9C4 /* Images.xcassets in Resources */,
			);
			runOnlyForDeploymentPostprocessing = 0;
		};
		852F12441B6C5DF6001EC9C4 /* Resources */ = {
			isa = PBXResourcesBuildPhase;
			buildActionMask = 2147483647;
			files = (
			);
			runOnlyForDeploymentPostprocessing = 0;
		};
/* End PBXResourcesBuildPhase section */

/* Begin PBXSourcesBuildPhase section */
		852F12291B6C5DF6001EC9C4 /* Sources */ = {
			isa = PBXSourcesBuildPhase;
			buildActionMask = 2147483647;
			files = (
				852F12361B6C5DF6001EC9C4 /* AppDelegate.m in Sources */,
				852F125E1B6DA94F001EC9C4 /* ToDoItem.m in Sources */,
				852F125B1B6D6686001EC9C4 /* ToDoListTableViewController.m in Sources */,
				852F12331B6C5DF6001EC9C4 /* main.m in Sources */,
				852F12581B6D5764001EC9C4 /* AddToDoItemViewController.m in Sources */,
			);
			runOnlyForDeploymentPostprocessing = 0;
		};
		852F12421B6C5DF6001EC9C4 /* Sources */ = {
			isa = PBXSourcesBuildPhase;
			buildActionMask = 2147483647;
			files = (
				852F124D1B6C5DF6001EC9C4 /* ToDoListTests.m in Sources */,
			);
			runOnlyForDeploymentPostprocessing = 0;
		};
/* End PBXSourcesBuildPhase section */

/* Begin PBXTargetDependency section */
		852F12481B6C5DF6001EC9C4 /* PBXTargetDependency */ = {
			isa = PBXTargetDependency;
			target = 852F122C1B6C5DF6001EC9C4 /* ToDoList */;
			targetProxy = 852F12471B6C5DF6001EC9C4 /* PBXContainerItemProxy */;
		};
/* End PBXTargetDependency section */

/* Begin PBXVariantGroup section */
		852F123A1B6C5DF6001EC9C4 /* Main.storyboard */ = {
			isa = PBXVariantGroup;
			children = (
				852F123B1B6C5DF6001EC9C4 /* Base */,
			);
			name = Main.storyboard;
			sourceTree = "<group>";
		};
		852F123F1B6C5DF6001EC9C4 /* LaunchScreen.xib */ = {
			isa = PBXVariantGroup;
			children = (
				852F12401B6C5DF6001EC9C4 /* Base */,
			);
			name = LaunchScreen.xib;
			sourceTree = "<group>";
		};
/* End PBXVariantGroup section */

/* Begin XCBuildConfiguration section */
		852F124E1B6C5DF6001EC9C4 /* Debug */ = {
			isa = XCBuildConfiguration;
			buildSettings = {
				ALWAYS_SEARCH_USER_PATHS = NO;
				CLANG_CXX_LANGUAGE_STANDARD = "gnu++0x";
				CLANG_CXX_LIBRARY = "libc++";
				CLANG_ENABLE_MODULES = YES;
				CLANG_ENABLE_OBJC_ARC = YES;
				CLANG_WARN_BOOL_CONVERSION = YES;
				CLANG_WARN_CONSTANT_CONVERSION = YES;
				CLANG_WARN_DIRECT_OBJC_ISA_USAGE = YES_ERROR;
				CLANG_WARN_EMPTY_BODY = YES;
				CLANG_WARN_ENUM_CONVERSION = YES;
				CLANG_WARN_INT_CONVERSION = YES;
				CLANG_WARN_OBJC_ROOT_CLASS = YES_ERROR;
				CLANG_WARN_UNREACHABLE_CODE = YES;
				CLANG_WARN__DUPLICATE_METHOD_MATCH = YES;
				"CODE_SIGN_IDENTITY[sdk=iphoneos*]" = "iPhone Developer";
				COPY_PHASE_STRIP = NO;
				DEBUG_INFORMATION_FORMAT = "dwarf-with-dsym";
				ENABLE_STRICT_OBJC_MSGSEND = YES;
				GCC_C_LANGUAGE_STANDARD = gnu99;
				GCC_DYNAMIC_NO_PIC = NO;
				GCC_NO_COMMON_BLOCKS = YES;
				GCC_OPTIMIZATION_LEVEL = 0;
				GCC_PREPROCESSOR_DEFINITIONS = (
					"DEBUG=1",
					"$(inherited)",
				);
				GCC_SYMBOLS_PRIVATE_EXTERN = NO;
				GCC_WARN_64_TO_32_BIT_CONVERSION = YES;
				GCC_WARN_ABOUT_RETURN_TYPE = YES_ERROR;
				GCC_WARN_UNDECLARED_SELECTOR = YES;
				GCC_WARN_UNINITIALIZED_AUTOS = YES_AGGRESSIVE;
				GCC_WARN_UNUSED_FUNCTION = YES;
				GCC_WARN_UNUSED_VARIABLE = YES;
				IPHONEOS_DEPLOYMENT_TARGET = 8.4;
				MTL_ENABLE_DEBUG_INFO = YES;
				ONLY_ACTIVE_ARCH = YES;
				SDKROOT = iphoneos;
				TARGETED_DEVICE_FAMILY = "1,2";
			};
			name = Debug;
		};
		852F124F1B6C5DF6001EC9C4 /* Release */ = {
			isa = XCBuildConfiguration;
			buildSettings = {
				ALWAYS_SEARCH_USER_PATHS = NO;
				CLANG_CXX_LANGUAGE_STANDARD = "gnu++0x";
				CLANG_CXX_LIBRARY = "libc++";
				CLANG_ENABLE_MODULES = YES;
				CLANG_ENABLE_OBJC_ARC = YES;
				CLANG_WARN_BOOL_CONVERSION = YES;
				CLANG_WARN_CONSTANT_CONVERSION = YES;
				CLANG_WARN_DIRECT_OBJC_ISA_USAGE = YES_ERROR;
				CLANG_WARN_EMPTY_BODY = YES;
				CLANG_WARN_ENUM_CONVERSION = YES;
				CLANG_WARN_INT_CONVERSION = YES;
				CLANG_WARN_OBJC_ROOT_CLASS = YES_ERROR;
				CLANG_WARN_UNREACHABLE_CODE = YES;
				CLANG_WARN__DUPLICATE_METHOD_MATCH = YES;
				"CODE_SIGN_IDENTITY[sdk=iphoneos*]" = "iPhone Developer";
				COPY_PHASE_STRIP = NO;
				DEBUG_INFORMATION_FORMAT = "dwarf-with-dsym";
				ENABLE_NS_ASSERTIONS = NO;
				ENABLE_STRICT_OBJC_MSGSEND = YES;
				GCC_C_LANGUAGE_STANDARD = gnu99;
				GCC_NO_COMMON_BLOCKS = YES;
				GCC_WARN_64_TO_32_BIT_CONVERSION = YES;
				GCC_WARN_ABOUT_RETURN_TYPE = YES_ERROR;
				GCC_WARN_UNDECLARED_SELECTOR = YES;
				GCC_WARN_UNINITIALIZED_AUTOS = YES_AGGRESSIVE;
				GCC_WARN_UNUSED_FUNCTION = YES;
				GCC_WARN_UNUSED_VARIABLE = YES;
				IPHONEOS_DEPLOYMENT_TARGET = 8.4;
				MTL_ENABLE_DEBUG_INFO = NO;
				SDKROOT = iphoneos;
				TARGETED_DEVICE_FAMILY = "1,2";
				VALIDATE_PRODUCT = YES;
			};
			name = Release;
		};
		852F12511B6C5DF6001EC9C4 /* Debug */ = {
			isa = XCBuildConfiguration;
			buildSettings = {
				ASSETCATALOG_COMPILER_APPICON_NAME = AppIcon;
				INFOPLIST_FILE = ToDoList/Info.plist;
				LD_RUNPATH_SEARCH_PATHS = "$(inherited) @executable_path/Frameworks";
				PRODUCT_NAME = "$(TARGET_NAME)";
			};
			name = Debug;
		};
		852F12521B6C5DF6001EC9C4 /* Release */ = {
			isa = XCBuildConfiguration;
			buildSettings = {
				ASSETCATALOG_COMPILER_APPICON_NAME = AppIcon;
				INFOPLIST_FILE = ToDoList/Info.plist;
				LD_RUNPATH_SEARCH_PATHS = "$(inherited) @executable_path/Frameworks";
				PRODUCT_NAME = "$(TARGET_NAME)";
			};
			name = Release;
		};
		852F12541B6C5DF6001EC9C4 /* Debug */ = {
			isa = XCBuildConfiguration;
			buildSettings = {
				BUNDLE_LOADER = "$(TEST_HOST)";
				FRAMEWORK_SEARCH_PATHS = (
					"$(SDKROOT)/Developer/Library/Frameworks",
					"$(inherited)",
				);
				GCC_PREPROCESSOR_DEFINITIONS = (
					"DEBUG=1",
					"$(inherited)",
				);
				INFOPLIST_FILE = ToDoListTests/Info.plist;
				LD_RUNPATH_SEARCH_PATHS = "$(inherited) @executable_path/Frameworks @loader_path/Frameworks";
				PRODUCT_NAME = "$(TARGET_NAME)";
				TEST_HOST = "$(BUILT_PRODUCTS_DIR)/ToDoList.app/ToDoList";
			};
			name = Debug;
		};
		852F12551B6C5DF6001EC9C4 /* Release */ = {
			isa = XCBuildConfiguration;
			buildSettings = {
				BUNDLE_LOADER = "$(TEST_HOST)";
				FRAMEWORK_SEARCH_PATHS = (
					"$(SDKROOT)/Developer/Library/Frameworks",
					"$(inherited)",
				);
				INFOPLIST_FILE = ToDoListTests/Info.plist;
				LD_RUNPATH_SEARCH_PATHS = "$(inherited) @executable_path/Frameworks @loader_path/Frameworks";
				PRODUCT_NAME = "$(TARGET_NAME)";
				TEST_HOST = "$(BUILT_PRODUCTS_DIR)/ToDoList.app/ToDoList";
			};
			name = Release;
		};
/* End XCBuildConfiguration section */

/* Begin XCConfigurationList section */
		852F12281B6C5DF6001EC9C4 /* Build configuration list for PBXProject "ToDoList" */ = {
			isa = XCConfigurationList;
			buildConfigurations = (
				852F124E1B6C5DF6001EC9C4 /* Debug */,
				852F124F1B6C5DF6001EC9C4 /* Release */,
			);
			defaultConfigurationIsVisible = 0;
			defaultConfigurationName = Release;
		};
		852F12501B6C5DF6001EC9C4 /* Build configuration list for PBXNativeTarget "ToDoList" */ = {
			isa = XCConfigurationList;
			buildConfigurations = (
				852F12511B6C5DF6001EC9C4 /* Debug */,
				852F12521B6C5DF6001EC9C4 /* Release */,
			);
			defaultConfigurationIsVisible = 0;
			defaultConfigurationName = Release;
		};
		852F12531B6C5DF6001EC9C4 /* Build configuration list for PBXNativeTarget "ToDoListTests" */ = {
			isa = XCConfigurationList;
			buildConfigurations = (
				852F12541B6C5DF6001EC9C4 /* Debug */,
				852F12551B6C5DF6001EC9C4 /* Release */,
			);
			defaultConfigurationIsVisible = 0;
			defaultConfigurationName = Release;
		};
/* End XCConfigurationList section */
	};
	rootObject = 852F12251B6C5DF6001EC9C4 /* Project object */;
}
